
Microsoft Visual Studio Solution File, Format Version 12.00
# Visual Studio 15
Project("{FAE04EC0-301F-11D3-BF4B-00C04F79EFBC}") = "Assembly-CSharp", "Assembly-CSharp.csproj", "{0DF5ED85-16FD-D948-DD2A-BB119CD15A62}"
EndProject
Project("{FAE04EC0-301F-11D3-BF4B-00C04F79EFBC}") = "Assembly-CSharp-Editor", "Assembly-CSharp-Editor.csproj", "{93EFC0F1-B66A-B812-B614-F5D901B82825}"
EndProject
Global
	GlobalSection(SolutionConfigurationPlatforms) = preSolution
		Debug|Any CPU = Debug|Any CPU
		Release|Any CPU = Release|Any CPU
	EndGlobalSection
	GlobalSection(ProjectConfigurationPlatforms) = postSolution
		{0DF5ED85-16FD-D948-DD2A-BB119CD15A62}.Debug|Any CPU.ActiveCfg = Debug|Any CPU
		{0DF5ED85-16FD-D948-DD2A-BB119CD15A62}.Debug|Any CPU.Build.0 = Debug|Any CPU
		{0DF5ED85-16FD-D948-DD2A-BB119CD15A62}.Release|Any CPU.ActiveCfg = Release|Any CPU
		{0DF5ED85-16FD-D948-DD2A-BB119CD15A62}.Release|Any CPU.Build.0 = Release|Any CPU
		{93EFC0F1-B66A-B812-B614-F5D901B82825}.Debug|Any CPU.ActiveCfg = Debug|Any CPU
		{93EFC0F1-B66A-B812-B614-F5D901B82825}.Debug|Any CPU.Build.0 = Debug|Any CPU
		{93EFC0F1-B66A-B812-B614-F5D901B82825}.Release|Any CPU.ActiveCfg = Release|Any CPU
		{93EFC0F1-B66A-B812-B614-F5D901B82825}.Release|Any CPU.Build.0 = Release|Any CPU
	EndGlobalSection
	GlobalSection(SolutionProperties) = preSolution
		HideSolutionNode = FALSE
	EndGlobalSection
EndGlobal
